
Microsoft Visual Studio Solution File, Format Version 12.00
# Visual Studio Version 16
VisualStudioVersion = 16.0.31515.178
MinimumVisualStudioVersion = 10.0.40219.1
Project("{FAE04EC0-301F-11D3-BF4B-00C04F79EFBC}") = "MyCourceApp", "MyCourceApp\MyCourceApp.csproj", "{C04FC3D7-AAAE-44C5-9D26-04B471FA4981}"
EndProject
Global
	GlobalSection(SolutionConfigurationPlatforms) = preSolution
		Debug|Any CPU = Debug|Any CPU
		Release|Any CPU = Release|Any CPU
	EndGlobalSection
	GlobalSection(ProjectConfigurationPlatforms) = postSolution
		{C04FC3D7-AAAE-44C5-9D26-04B471FA4981}.Debug|Any CPU.ActiveCfg = Debug|Any CPU
		{C04FC3D7-AAAE-44C5-9D26-04B471FA4981}.Debug|Any CPU.Build.0 = Debug|Any CPU
		{C04FC3D7-AAAE-44C5-9D26-04B471FA4981}.Release|Any CPU.ActiveCfg = Release|Any CPU
		{C04FC3D7-AAAE-44C5-9D26-04B471FA4981}.Release|Any CPU.Build.0 = Release|Any CPU
	EndGlobalSection
	GlobalSection(SolutionProperties) = preSolution
		HideSolutionNode = FALSE
	EndGlobalSection
	GlobalSection(ExtensibilityGlobals) = postSolution
		SolutionGuid = {958BF2E3-B1A5-47CC-B074-99F78A213834}
	EndGlobalSection
EndGlobal
